// !$*UTF8*$!
{
	archiveVersion = 1;
	classes = {
	};
	objectVersion = 46;
	objects = {

/* Begin PBXBuildFile section */
		1895BA181DBE290800F81E6D /* AppDelegate.swift in Sources */ = {isa = PBXBuildFile; fileRef = 1895BA171DBE290800F81E6D /* AppDelegate.swift */; };
		1895BA1A1DBE290800F81E6D /* ViewController.swift in Sources */ = {isa = PBXBuildFile; fileRef = 1895BA191DBE290800F81E6D /* ViewController.swift */; };
		1895BA1D1DBE290800F81E6D /* Main.storyboard in Resources */ = {isa = PBXBuildFile; fileRef = 1895BA1B1DBE290800F81E6D /* Main.storyboard */; };
		1895BA1F1DBE290800F81E6D /* Assets.xcassets in Resources */ = {isa = PBXBuildFile; fileRef = 1895BA1E1DBE290800F81E6D /* Assets.xcassets */; };
		1895BA221DBE290800F81E6D /* LaunchScreen.storyboard in Resources */ = {isa = PBXBuildFile; fileRef = 1895BA201DBE290800F81E6D /* LaunchScreen.storyboard */; };
/* End PBXBuildFile section */

/* Begin PBXFileReference section */
		1895BA141DBE290800F81E6D /* UIImageViewDemo.app */ = {isa = PBXFileReference; explicitFileType = wrapper.application; includeInIndex = 0; path = UIImageViewDemo.app; sourceTree = BUILT_PRODUCTS_DIR; };
		1895BA171DBE290800F81E6D /* AppDelegate.swift */ = {isa = PBXFileReference; lastKnownFileType = sourcecode.swift; path = AppDelegate.swift; sourceTree = "<group>"; };
		1895BA191DBE290800F81E6D /* ViewController.swift */ = {isa = PBXFileReference; lastKnownFileType = sourcecode.swift; path = ViewController.swift; sourceTree = "<group>"; };
		1895BA1C1DBE290800F81E6D /* Base */ = {isa = PBXFileReference; lastKnownFileType = file.storyboard; name = Base; path = Base.lproj/Main.storyboard; sourceTree = "<group>"; };
		1895BA1E1DBE290800F81E6D /* Assets.xcassets */ = {isa = PBXFileReference; lastKnownFileType = folder.assetcatalog; path = Assets.xcassets; sourceTree = "<group>"; };
		1895BA211DBE290800F81E6D /* Base */ = {isa = PBXFileReference; lastKnownFileType = file.storyboard; name = Base; path = Base.lproj/LaunchScreen.storyboard; sourceTree = "<group>"; };
		1895BA231DBE290800F81E6D /* Info.plist */ = {isa = PBXFileReference; lastKnownFileType = text.plist.xml; path = Info.plist; sourceTree = "<group>"; };
/* End PBXFileReference section */

/* Begin PBXFrameworksBuildPhase section */
		1895BA111DBE290800F81E6D /* Frameworks */ = {
			isa = PBXFrameworksBuildPhase;
			buildActionMask = 2147483647;
			files = (
			);
			runOnlyForDeploymentPostprocessing = 0;
		};
/* End PBXFrameworksBuildPhase section */

/* Begin PBXGroup section */
		1895BA0B1DBE290800F81E6D = {
			isa = PBXGroup;
			children = (
				1895BA161DBE290800F81E6D /* UIImageViewDemo */,
				1895BA151DBE290800F81E6D /* Products */,
			);
			sourceTree = "<group>";
		};
		1895BA151DBE290800F81E6D /* Products */ = {
			isa = PBXGroup;
			children = (
				1895BA141DBE290800F81E6D /* UIImageViewDemo.app */,
			);
			name = Products;
			sourceTree = "<group>";
		};
		1895BA161DBE290800F81E6D /* UIImageViewDemo */ = {
			isa = PBXGroup;
			children = (
				1895BA171DBE290800F81E6D /* AppDelegate.swift */,
				1895BA191DBE290800F81E6D /* ViewController.swift */,
				1895BA1B1DBE290800F81E6D /* Main.storyboard */,
				1895BA1E1DBE290800F81E6D /* Assets.xcassets */,
				1895BA201DBE290800F81E6D /* LaunchScreen.storyboard */,
				1895BA231DBE290800F81E6D /* Info.plist */,
			);
			path = UIImageViewDemo;
			sourceTree = "<group>";
		};
/* End PBXGroup section */

/* Begin PBXNativeTarget section */
		1895BA131DBE290800F81E6D /* UIImageViewDemo */ = {
			isa = PBXNativeTarget;
			buildConfigurationList = 1895BA261DBE290800F81E6D /* Build configuration list for PBXNativeTarget "UIImageViewDemo" */;
			buildPhases = (
				1895BA101DBE290800F81E6D /* Sources */,
				1895BA111DBE290800F81E6D /* Frameworks */,
				1895BA121DBE290800F81E6D /* Resources */,
			);
			buildRules = (
			);
			dependencies = (
			);
			name = UIImageViewDemo;
			productName = UIImageViewDemo;
			productReference = 1895BA141DBE290800F81E6D /* UIImageViewDemo.app */;
			productType = "com.apple.product-type.application";
		};
/* End PBXNativeTarget section */

/* Begin PBXProject section */
		1895BA0C1DBE290800F81E6D /* Project object */ = {
			isa = PBXProject;
			attributes = {
				LastSwiftUpdateCheck = 0800;
				LastUpgradeCheck = 0800;
				ORGANIZATIONNAME = Don;
				TargetAttributes = {
					1895BA131DBE290800F81E6D = {
						CreatedOnToolsVersion = 8.0;
						DevelopmentTeam = DT8726CBX4;
						ProvisioningStyle = Automatic;
					};
				};
			};
			buildConfigurationList = 1895BA0F1DBE290800F81E6D /* Build configuration list for PBXProject "UIImageViewDemo" */;
			compatibilityVersion = "Xcode 3.2";
			developmentRegion = English;
			hasScannedForEncodings = 0;
			knownRegions = (
				en,
				Base,
			);
			mainGroup = 1895BA0B1DBE290800F81E6D;
			productRefGroup = 1895BA151DBE290800F81E6D /* Products */;
			projectDirPath = "";
			projectRoot = "";
			targets = (
				1895BA131DBE290800F81E6D /* UIImageViewDemo */,
			);
		};
/* End PBXProject section */

/* Begin PBXResourcesBuildPhase section */
		1895BA121DBE290800F81E6D /* Resources */ = {
			isa = PBXResourcesBuildPhase;
			buildActionMask = 2147483647;
			files = (
				1895BA221DBE290800F81E6D /* LaunchScreen.storyboard in Resources */,
				1895BA1F1DBE290800F81E6D /* Assets.xcassets in Resources */,
				1895BA1D1DBE290800F81E6D /* Main.storyboard in Resources */,
			);
			runOnlyForDeploymentPostprocessing = 0;
		};
/* End PBXResourcesBuildPhase section */

/* Begin PBXSourcesBuildPhase section */
		1895BA101DBE290800F81E6D /* Sources */ = {
			isa = PBXSourcesBuildPhase;
			buildActionMask = 2147483647;
			files = (
				1895BA1A1DBE290800F81E6D /* ViewController.swift in Sources */,
				1895BA181DBE290800F81E6D /* AppDelegate.swift in Sources */,
			);
			runOnlyForDeploymentPostprocessing = 0;
		};
/* End PBXSourcesBuildPhase section */

/* Begin PBXVariantGroup section */
		1895BA1B1DBE290800F81E6D /* Main.storyboard */ = {
			isa = PBXVariantGroup;
			children = (
				1895BA1C1DBE290800F81E6D /* Base */,
			);
			name = Main.storyboard;
			sourceTree = "<group>";
		};
		1895BA201DBE290800F81E6D /* LaunchScreen.storyboard */ = {
			isa = PBXVariantGroup;
			children = (
				1895BA211DBE290800F81E6D /* Base */,
			);
			name = LaunchScreen.storyboard;
			sourceTree = "<group>";
		};
/* End PBXVariantGroup section */

/* Begin XCBuildConfiguration section */
		1895BA241DBE290800F81E6D /* Debug */ = {
			isa = XCBuildConfiguration;
			buildSettings = {
				ALWAYS_SEARCH_USER_PATHS = NO;
				CLANG_ANALYZER_NONNULL = YES;
				CLANG_CXX_LANGUAGE_STANDARD = "gnu++0x";
				CLANG_CXX_LIBRARY = "libc++";
				CLANG_ENABLE_MODULES = YES;
				CLANG_ENABLE_OBJC_ARC = YES;
				CLANG_WARN_BOOL_CONVERSION = YES;
				CLANG_WARN_CONSTANT_CONVERSION = YES;
				CLANG_WARN_DIRECT_OBJC_ISA_USAGE = YES_ERROR;
				CLANG_WARN_DOCUMENTATION_COMMENTS = YES;
				CLANG_WARN_EMPTY_BODY = YES;
				CLANG_WARN_ENUM_CONVERSION = YES;
				CLANG_WARN_INFINITE_RECURSION = YES;
				CLANG_WARN_INT_CONVERSION = YES;
				CLANG_WARN_OBJC_ROOT_CLASS = YES_ERROR;
				CLANG_WARN_SUSPICIOUS_MOVES = YES;
				CLANG_WARN_UNREACHABLE_CODE = YES;
				CLANG_WARN__DUPLICATE_METHOD_MATCH = YES;
				"CODE_SIGN_IDENTITY[sdk=iphoneos*]" = "iPhone Developer";
				COPY_PHASE_STRIP = NO;
				DEBUG_INFORMATION_FORMAT = dwarf;
				ENABLE_STRICT_OBJC_MSGSEND = YES;
				ENABLE_TESTABILITY = YES;
				GCC_C_LANGUAGE_STANDARD = gnu99;
				GCC_DYNAMIC_NO_PIC = NO;
				GCC_NO_COMMON_BLOCKS = YES;
				GCC_OPTIMIZATION_LEVEL = 0;
				GCC_PREPROCESSOR_DEFINITIONS = (
					"DEBUG=1",
					"$(inherited)",
				);
				GCC_WARN_64_TO_32_BIT_CONVERSION = YES;
				GCC_WARN_ABOUT_RETURN_TYPE = YES_ERROR;
				GCC_WARN_UNDECLARED_SELECTOR = YES;
				GCC_WARN_UNINITIALIZED_AUTOS = YES_AGGRESSIVE;
				GCC_WARN_UNUSED_FUNCTION = YES;
				GCC_WARN_UNUSED_VARIABLE = YES;
				IPHONEOS_DEPLOYMENT_TARGET = 10.0;
				MTL_ENABLE_DEBUG_INFO = YES;
				ONLY_ACTIVE_ARCH = YES;
				SDKROOT = iphoneos;
				SWIFT_ACTIVE_COMPILATION_CONDITIONS = DEBUG;
				SWIFT_OPTIMIZATION_LEVEL = "-Onone";
			};
			name = Debug;
		};
		1895BA251DBE290800F81E6D /* Release */ = {
			isa = XCBuildConfiguration;
			buildSettings = {
				ALWAYS_SEARCH_USER_PATHS = NO;
				CLANG_ANALYZER_NONNULL = YES;
				CLANG_CXX_LANGUAGE_STANDARD = "gnu++0x";
				CLANG_CXX_LIBRARY = "libc++";
				CLANG_ENABLE_MODULES = YES;
				CLANG_ENABLE_OBJC_ARC = YES;
				CLANG_WARN_BOOL_CONVERSION = YES;
				CLANG_WARN_CONSTANT_CONVERSION = YES;
				CLANG_WARN_DIRECT_OBJC_ISA_USAGE = YES_ERROR;
				CLANG_WARN_DOCUMENTATION_COMMENTS = YES;
				CLANG_WARN_EMPTY_BODY = YES;
				CLANG_WARN_ENUM_CONVERSION = YES;
				CLANG_WARN_INFINITE_RECURSION = YES;
				CLANG_WARN_INT_CONVERSION = YES;
				CLANG_WARN_OBJC_ROOT_CLASS = YES_ERROR;
				CLANG_WARN_SUSPICIOUS_MOVES = YES;
				CLANG_WARN_UNREACHABLE_CODE = YES;
				CLANG_WARN__DUPLICATE_METHOD_MATCH = YES;
				"CODE_SIGN_IDENTITY[sdk=iphoneos*]" = "iPhone Developer";
				COPY_PHASE_STRIP = NO;
				DEBUG_INFORMATION_FORMAT = "dwarf-with-dsym";
				ENABLE_NS_ASSERTIONS = NO;
				ENABLE_STRICT_OBJC_MSGSEND = YES;
				GCC_C_LANGUAGE_STANDARD = gnu99;
				GCC_NO_COMMON_BLOCKS = YES;
				GCC_WARN_64_TO_32_BIT_CONVERSION = YES;
				GCC_WARN_ABOUT_RETURN_TYPE = YES_ERROR;
				GCC_WARN_UNDECLARED_SELECTOR = YES;
				GCC_WARN_UNINITIALIZED_AUTOS = YES_AGGRESSIVE;
				GCC_WARN_UNUSED_FUNCTION = YES;
				GCC_WARN_UNUSED_VARIABLE = YES;
				IPHONEOS_DEPLOYMENT_TARGET = 10.0;
				MTL_ENABLE_DEBUG_INFO = NO;
				SDKROOT = iphoneos;
				SWIFT_OPTIMIZATION_LEVEL = "-Owholemodule";
				VALIDATE_PRODUCT = YES;
			};
			name = Release;
		};
		1895BA271DBE290800F81E6D /* Debug */ = {
			isa = XCBuildConfiguration;
			buildSettings = {
				ASSETCATALOG_COMPILER_APPICON_NAME = AppIcon;
				DEVELOPMENT_TEAM = DT8726CBX4;
				INFOPLIST_FILE = UIImageViewDemo/Info.plist;
				LD_RUNPATH_SEARCH_PATHS = "$(inherited) @executable_path/Frameworks";
				PRODUCT_BUNDLE_IDENTIFIER = com.code4idea.UIImageViewDemo;
				PRODUCT_NAME = "$(TARGET_NAME)";
				SWIFT_VERSION = 3.0;
			};
			name = Debug;
		};
		1895BA281DBE290800F81E6D /* Release */ = {
			isa = XCBuildConfiguration;
			buildSettings = {
				ASSETCATALOG_COMPILER_APPICON_NAME = AppIcon;
				DEVELOPMENT_TEAM = DT8726CBX4;
				INFOPLIST_FILE = UIImageViewDemo/Info.plist;
				LD_RUNPATH_SEARCH_PATHS = "$(inherited) @executable_path/Frameworks";
				PRODUCT_BUNDLE_IDENTIFIER = com.code4idea.UIImageViewDemo;
				PRODUCT_NAME = "$(TARGET_NAME)";
				SWIFT_VERSION = 3.0;
			};
			name = Release;
		};
/* End XCBuildConfiguration section */

/* Begin XCConfigurationList section */
		1895BA0F1DBE290800F81E6D /* Build configuration list for PBXProject "UIImageViewDemo" */ = {
			isa = XCConfigurationList;
			buildConfigurations = (
				1895BA241DBE290800F81E6D /* Debug */,
				1895BA251DBE290800F81E6D /* Release */,
			);
			defaultConfigurationIsVisible = 0;
			defaultConfigurationName = Release;
		};
		1895BA261DBE290800F81E6D /* Build configuration list for PBXNativeTarget "UIImageViewDemo" */ = {
			isa = XCConfigurationList;
			buildConfigurations = (
				1895BA271DBE290800F81E6D /* Debug */,
				1895BA281DBE290800F81E6D /* Release */,
			);
			defaultConfigurationIsVisible = 0;
		};
/* End XCConfigurationList section */
	};
	rootObject = 1895BA0C1DBE290800F81E6D /* Project object */;
}
